
Microsoft Visual Studio Solution File, Format Version 12.00
# Visual Studio Version 16
VisualStudioVersion = 16.0.31321.278
MinimumVisualStudioVersion = 10.0.40219.1
Project("{FAE04EC0-301F-11D3-BF4B-00C04F79EFBC}") = "BankEncapsulationExercise", "BankEncapsulationExercise\BankEncapsulationExercise.csproj", "{291D2BC5-0425-4326-BDA4-A95C743503BC}"
EndProject
Project("{2150E333-8FDC-42A3-9474-1A3956D46DE8}") = "Solution Items", "Solution Items", "{0C74348A-F08E-483A-A805-0EFB797AD197}"
	ProjectSection(SolutionItems) = preProject
		.editorconfig = .editorconfig
	EndProjectSection
EndProject
Global
	GlobalSection(SolutionConfigurationPlatforms) = preSolution
		Debug|Any CPU = Debug|Any CPU
		Release|Any CPU = Release|Any CPU
	EndGlobalSection
	GlobalSection(ProjectConfigurationPlatforms) = postSolution
		{291D2BC5-0425-4326-BDA4-A95C743503BC}.Debug|Any CPU.ActiveCfg = Debug|Any CPU
		{291D2BC5-0425-4326-BDA4-A95C743503BC}.Debug|Any CPU.Build.0 = Debug|Any CPU
		{291D2BC5-0425-4326-BDA4-A95C743503BC}.Release|Any CPU.ActiveCfg = Release|Any CPU
		{291D2BC5-0425-4326-BDA4-A95C743503BC}.Release|Any CPU.Build.0 = Release|Any CPU
	EndGlobalSection
	GlobalSection(SolutionProperties) = preSolution
		HideSolutionNode = FALSE
	EndGlobalSection
	GlobalSection(ExtensibilityGlobals) = postSolution
		SolutionGuid = {2CF6377A-A675-4AC3-925C-9C466C8B64AC}
	EndGlobalSection
EndGlobal
